
Microsoft Visual Studio Solution File, Format Version 12.00
# Visual Studio 2012
Project("{FAE04EC0-301F-11D3-BF4B-00C04F79EFBC}") = "NoClaimBonus", "NoClaimBonus\NoClaimBonus.csproj", "{BADD75FE-E7F4-428F-8E02-5D093DA2EE95}"
EndProject
Global
	GlobalSection(SolutionConfigurationPlatforms) = preSolution
		Debug|Any CPU = Debug|Any CPU
		Release|Any CPU = Release|Any CPU
	EndGlobalSection
	GlobalSection(ProjectConfigurationPlatforms) = postSolution
		{BADD75FE-E7F4-428F-8E02-5D093DA2EE95}.Debug|Any CPU.ActiveCfg = Debug|Any CPU
		{BADD75FE-E7F4-428F-8E02-5D093DA2EE95}.Debug|Any CPU.Build.0 = Debug|Any CPU
		{BADD75FE-E7F4-428F-8E02-5D093DA2EE95}.Release|Any CPU.ActiveCfg = Release|Any CPU
		{BADD75FE-E7F4-428F-8E02-5D093DA2EE95}.Release|Any CPU.Build.0 = Release|Any CPU
	EndGlobalSection
	GlobalSection(SolutionProperties) = preSolution
		HideSolutionNode = FALSE
	EndGlobalSection
EndGlobal
